PODS:
  - ChameleonFramework/Default (2.1.0)
  - ChameleonFramework/Swift (2.1.0):
    - ChameleonFramework/Default
  - PermissionScope (1.0.2)
  - SVProgressHUD (1.1.3)

DEPENDENCIES:
  - ChameleonFramework/Swift
  - PermissionScope
  - SVProgressHUD

SPEC CHECKSUMS:
  ChameleonFramework: d21a3cc247abfe5e37609a283a8238b03575cf64
  PermissionScope: 860828c5516d349b6f49e5491799cfef33c5ccc7
  SVProgressHUD: 748080e4f36e603f6c02aec292664239df5279c1

PODFILE CHECKSUM: 6007b33400d18115945e2a416de0d7eb222b882f

COCOAPODS: 1.0.0
